
Microsoft Visual Studio Solution File, Format Version 12.00
# Visual Studio 15
VisualStudioVersion = 15.0.26730.12
MinimumVisualStudioVersion = 10.0.40219.1
Project("{FAE04EC0-301F-11D3-BF4B-00C04F79EFBC}") = "EndUserUI", "EndUserUI\EndUserUI.csproj", "{9A5C3E17-9BF1-4CF7-AC41-D3B8C17001E5}"
EndProject
Project("{9A19103F-16F7-4668-BE54-9A1E7A4F7556}") = "EndUser.APIParser", "EndUser.APIParser\EndUser.APIParser.csproj", "{E5AF0438-DF1D-426D-AADE-6623EE36D809}"
EndProject
Project("{9A19103F-16F7-4668-BE54-9A1E7A4F7556}") = "EndUser.Constants", "EndUser.Constants\EndUser.Constants.csproj", "{A9BD20F3-305A-4F6E-889F-923F1D5CD606}"
EndProject
Project("{9A19103F-16F7-4668-BE54-9A1E7A4F7556}") = "EndUser.BackgroundServices", "EndUser.BackgroundServices\EndUser.BackgroundServices.csproj", "{ED15288E-F196-4130-8579-15C50B26E1EC}"
EndProject
Global
	GlobalSection(SolutionConfigurationPlatforms) = preSolution
		Debug|Any CPU = Debug|Any CPU
		Release|Any CPU = Release|Any CPU
	EndGlobalSection
	GlobalSection(ProjectConfigurationPlatforms) = postSolution
		{9A5C3E17-9BF1-4CF7-AC41-D3B8C17001E5}.Debug|Any CPU.ActiveCfg = Debug|Any CPU
		{9A5C3E17-9BF1-4CF7-AC41-D3B8C17001E5}.Debug|Any CPU.Build.0 = Debug|Any CPU
		{9A5C3E17-9BF1-4CF7-AC41-D3B8C17001E5}.Release|Any CPU.ActiveCfg = Release|Any CPU
		{9A5C3E17-9BF1-4CF7-AC41-D3B8C17001E5}.Release|Any CPU.Build.0 = Release|Any CPU
		{E5AF0438-DF1D-426D-AADE-6623EE36D809}.Debug|Any CPU.ActiveCfg = Debug|Any CPU
		{E5AF0438-DF1D-426D-AADE-6623EE36D809}.Debug|Any CPU.Build.0 = Debug|Any CPU
		{E5AF0438-DF1D-426D-AADE-6623EE36D809}.Release|Any CPU.ActiveCfg = Release|Any CPU
		{E5AF0438-DF1D-426D-AADE-6623EE36D809}.Release|Any CPU.Build.0 = Release|Any CPU
		{A9BD20F3-305A-4F6E-889F-923F1D5CD606}.Debug|Any CPU.ActiveCfg = Debug|Any CPU
		{A9BD20F3-305A-4F6E-889F-923F1D5CD606}.Debug|Any CPU.Build.0 = Debug|Any CPU
		{A9BD20F3-305A-4F6E-889F-923F1D5CD606}.Release|Any CPU.ActiveCfg = Release|Any CPU
		{A9BD20F3-305A-4F6E-889F-923F1D5CD606}.Release|Any CPU.Build.0 = Release|Any CPU
		{ED15288E-F196-4130-8579-15C50B26E1EC}.Debug|Any CPU.ActiveCfg = Debug|Any CPU
		{ED15288E-F196-4130-8579-15C50B26E1EC}.Debug|Any CPU.Build.0 = Debug|Any CPU
		{ED15288E-F196-4130-8579-15C50B26E1EC}.Release|Any CPU.ActiveCfg = Release|Any CPU
		{ED15288E-F196-4130-8579-15C50B26E1EC}.Release|Any CPU.Build.0 = Release|Any CPU
	EndGlobalSection
	GlobalSection(SolutionProperties) = preSolution
		HideSolutionNode = FALSE
	EndGlobalSection
	GlobalSection(ExtensibilityGlobals) = postSolution
		SolutionGuid = {BD0188EA-6305-46E3-BD0F-17AFDAADA951}
	EndGlobalSection
EndGlobal
